// !$*UTF8*$!
{
	archiveVersion = 1;
	classes = {
	};
	objectVersion = 46;
	objects = {

/* Begin PBXBuildFile section */
		BE257DA619837A65002E26E9 /* AppDelegate.swift in Sources */ = {isa = PBXBuildFile; fileRef = BE257DA519837A65002E26E9 /* AppDelegate.swift */; };
		BE257DA819837A65002E26E9 /* ViewController.swift in Sources */ = {isa = PBXBuildFile; fileRef = BE257DA719837A65002E26E9 /* ViewController.swift */; };
		BE257DAB19837A65002E26E9 /* Main.storyboard in Resources */ = {isa = PBXBuildFile; fileRef = BE257DA919837A65002E26E9 /* Main.storyboard */; };
		BE257DAD19837A65002E26E9 /* Images.xcassets in Resources */ = {isa = PBXBuildFile; fileRef = BE257DAC19837A65002E26E9 /* Images.xcassets */; };
		BE257DB919837A65002E26E9 /* HelloSwiftTests.swift in Sources */ = {isa = PBXBuildFile; fileRef = BE257DB819837A65002E26E9 /* HelloSwiftTests.swift */; };
/* End PBXBuildFile section */

/* Begin PBXContainerItemProxy section */
		BE257DB319837A65002E26E9 /* PBXContainerItemProxy */ = {
			isa = PBXContainerItemProxy;
			containerPortal = BE257D9819837A65002E26E9 /* Project object */;
			proxyType = 1;
			remoteGlobalIDString = BE257D9F19837A65002E26E9;
			remoteInfo = HelloSwift;
		};
/* End PBXContainerItemProxy section */

/* Begin PBXFileReference section */
		BE257DA019837A65002E26E9 /* HelloSwift.app */ = {isa = PBXFileReference; explicitFileType = wrapper.application; includeInIndex = 0; path = HelloSwift.app; sourceTree = BUILT_PRODUCTS_DIR; };
		BE257DA419837A65002E26E9 /* Info.plist */ = {isa = PBXFileReference; lastKnownFileType = text.plist.xml; path = Info.plist; sourceTree = "<group>"; };
		BE257DA519837A65002E26E9 /* AppDelegate.swift */ = {isa = PBXFileReference; lastKnownFileType = sourcecode.swift; path = AppDelegate.swift; sourceTree = "<group>"; };
		BE257DA719837A65002E26E9 /* ViewController.swift */ = {isa = PBXFileReference; lastKnownFileType = sourcecode.swift; path = ViewController.swift; sourceTree = "<group>"; };
		BE257DAA19837A65002E26E9 /* Base */ = {isa = PBXFileReference; lastKnownFileType = file.storyboard; name = Base; path = Base.lproj/Main.storyboard; sourceTree = "<group>"; };
		BE257DAC19837A65002E26E9 /* Images.xcassets */ = {isa = PBXFileReference; lastKnownFileType = folder.assetcatalog; path = Images.xcassets; sourceTree = "<group>"; };
		BE257DB219837A65002E26E9 /* HelloSwiftTests.xctest */ = {isa = PBXFileReference; explicitFileType = wrapper.cfbundle; includeInIndex = 0; path = HelloSwiftTests.xctest; sourceTree = BUILT_PRODUCTS_DIR; };
		BE257DB719837A65002E26E9 /* Info.plist */ = {isa = PBXFileReference; lastKnownFileType = text.plist.xml; path = Info.plist; sourceTree = "<group>"; };
		BE257DB819837A65002E26E9 /* HelloSwiftTests.swift */ = {isa = PBXFileReference; lastKnownFileType = sourcecode.swift; path = HelloSwiftTests.swift; sourceTree = "<group>"; };
/* End PBXFileReference section */

/* Begin PBXFrameworksBuildPhase section */
		BE257D9D19837A65002E26E9 /* Frameworks */ = {
			isa = PBXFrameworksBuildPhase;
			buildActionMask = 2147483647;
			files = (
			);
			runOnlyForDeploymentPostprocessing = 0;
		};
		BE257DAF19837A65002E26E9 /* Frameworks */ = {
			isa = PBXFrameworksBuildPhase;
			buildActionMask = 2147483647;
			files = (
			);
			runOnlyForDeploymentPostprocessing = 0;
		};
/* End PBXFrameworksBuildPhase section */

/* Begin PBXGroup section */
		BE257D9719837A65002E26E9 = {
			isa = PBXGroup;
			children = (
				BE257DA219837A65002E26E9 /* HelloSwift */,
				BE257DB519837A65002E26E9 /* HelloSwiftTests */,
				BE257DA119837A65002E26E9 /* Products */,
			);
			sourceTree = "<group>";
		};
		BE257DA119837A65002E26E9 /* Products */ = {
			isa = PBXGroup;
			children = (
				BE257DA019837A65002E26E9 /* HelloSwift.app */,
				BE257DB219837A65002E26E9 /* HelloSwiftTests.xctest */,
			);
			name = Products;
			sourceTree = "<group>";
		};
		BE257DA219837A65002E26E9 /* HelloSwift */ = {
			isa = PBXGroup;
			children = (
				BE257DA519837A65002E26E9 /* AppDelegate.swift */,
				BE257DA719837A65002E26E9 /* ViewController.swift */,
				BE257DA919837A65002E26E9 /* Main.storyboard */,
				BE257DAC19837A65002E26E9 /* Images.xcassets */,
				BE257DA319837A65002E26E9 /* Supporting Files */,
			);
			path = HelloSwift;
			sourceTree = "<group>";
		};
		BE257DA319837A65002E26E9 /* Supporting Files */ = {
			isa = PBXGroup;
			children = (
				BE257DA419837A65002E26E9 /* Info.plist */,
			);
			name = "Supporting Files";
			sourceTree = "<group>";
		};
		BE257DB519837A65002E26E9 /* HelloSwiftTests */ = {
			isa = PBXGroup;
			children = (
				BE257DB819837A65002E26E9 /* HelloSwiftTests.swift */,
				BE257DB619837A65002E26E9 /* Supporting Files */,
			);
			path = HelloSwiftTests;
			sourceTree = "<group>";
		};
		BE257DB619837A65002E26E9 /* Supporting Files */ = {
			isa = PBXGroup;
			children = (
				BE257DB719837A65002E26E9 /* Info.plist */,
			);
			name = "Supporting Files";
			sourceTree = "<group>";
		};
/* End PBXGroup section */

/* Begin PBXNativeTarget section */
		BE257D9F19837A65002E26E9 /* HelloSwift */ = {
			isa = PBXNativeTarget;
			buildConfigurationList = BE257DBC19837A65002E26E9 /* Build configuration list for PBXNativeTarget "HelloSwift" */;
			buildPhases = (
				BE257D9C19837A65002E26E9 /* Sources */,
				BE257D9D19837A65002E26E9 /* Frameworks */,
				BE257D9E19837A65002E26E9 /* Resources */,
			);
			buildRules = (
			);
			dependencies = (
			);
			name = HelloSwift;
			productName = HelloSwift;
			productReference = BE257DA019837A65002E26E9 /* HelloSwift.app */;
			productType = "com.apple.product-type.application";
		};
		BE257DB119837A65002E26E9 /* HelloSwiftTests */ = {
			isa = PBXNativeTarget;
			buildConfigurationList = BE257DBF19837A65002E26E9 /* Build configuration list for PBXNativeTarget "HelloSwiftTests" */;
			buildPhases = (
				BE257DAE19837A65002E26E9 /* Sources */,
				BE257DAF19837A65002E26E9 /* Frameworks */,
				BE257DB019837A65002E26E9 /* Resources */,
			);
			buildRules = (
			);
			dependencies = (
				BE257DB419837A65002E26E9 /* PBXTargetDependency */,
			);
			name = HelloSwiftTests;
			productName = HelloSwiftTests;
			productReference = BE257DB219837A65002E26E9 /* HelloSwiftTests.xctest */;
			productType = "com.apple.product-type.bundle.unit-test";
		};
/* End PBXNativeTarget section */

/* Begin PBXProject section */
		BE257D9819837A65002E26E9 /* Project object */ = {
			isa = PBXProject;
			attributes = {
				LastUpgradeCheck = 0600;
				ORGANIZATIONNAME = "Simon Gladman";
				TargetAttributes = {
					BE257D9F19837A65002E26E9 = {
						CreatedOnToolsVersion = 6.0;
					};
					BE257DB119837A65002E26E9 = {
						CreatedOnToolsVersion = 6.0;
						TestTargetID = BE257D9F19837A65002E26E9;
					};
				};
			};
			buildConfigurationList = BE257D9B19837A65002E26E9 /* Build configuration list for PBXProject "HelloSwift" */;
			compatibilityVersion = "Xcode 3.2";
			developmentRegion = English;
			hasScannedForEncodings = 0;
			knownRegions = (
				en,
				Base,
			);
			mainGroup = BE257D9719837A65002E26E9;
			productRefGroup = BE257DA119837A65002E26E9 /* Products */;
			projectDirPath = "";
			projectRoot = "";
			targets = (
				BE257D9F19837A65002E26E9 /* HelloSwift */,
				BE257DB119837A65002E26E9 /* HelloSwiftTests */,
			);
		};
/* End PBXProject section */

/* Begin PBXResourcesBuildPhase section */
		BE257D9E19837A65002E26E9 /* Resources */ = {
			isa = PBXResourcesBuildPhase;
			buildActionMask = 2147483647;
			files = (
				BE257DAB19837A65002E26E9 /* Main.storyboard in Resources */,
				BE257DAD19837A65002E26E9 /* Images.xcassets in Resources */,
			);
			runOnlyForDeploymentPostprocessing = 0;
		};
		BE257DB019837A65002E26E9 /* Resources */ = {
			isa = PBXResourcesBuildPhase;
			buildActionMask = 2147483647;
			files = (
			);
			runOnlyForDeploymentPostprocessing = 0;
		};
/* End PBXResourcesBuildPhase section */

/* Begin PBXSourcesBuildPhase section */
		BE257D9C19837A65002E26E9 /* Sources */ = {
			isa = PBXSourcesBuildPhase;
			buildActionMask = 2147483647;
			files = (
				BE257DA819837A65002E26E9 /* ViewController.swift in Sources */,
				BE257DA619837A65002E26E9 /* AppDelegate.swift in Sources */,
			);
			runOnlyForDeploymentPostprocessing = 0;
		};
		BE257DAE19837A65002E26E9 /* Sources */ = {
			isa = PBXSourcesBuildPhase;
			buildActionMask = 2147483647;
			files = (
				BE257DB919837A65002E26E9 /* HelloSwiftTests.swift in Sources */,
			);
			runOnlyForDeploymentPostprocessing = 0;
		};
/* End PBXSourcesBuildPhase section */

/* Begin PBXTargetDependency section */
		BE257DB419837A65002E26E9 /* PBXTargetDependency */ = {
			isa = PBXTargetDependency;
			target = BE257D9F19837A65002E26E9 /* HelloSwift */;
			targetProxy = BE257DB319837A65002E26E9 /* PBXContainerItemProxy */;
		};
/* End PBXTargetDependency section */

/* Begin PBXVariantGroup section */
		BE257DA919837A65002E26E9 /* Main.storyboard */ = {
			isa = PBXVariantGroup;
			children = (
				BE257DAA19837A65002E26E9 /* Base */,
			);
			name = Main.storyboard;
			sourceTree = "<group>";
		};
/* End PBXVariantGroup section */

/* Begin XCBuildConfiguration section */
		BE257DBA19837A65002E26E9 /* Debug */ = {
			isa = XCBuildConfiguration;
			buildSettings = {
				ALWAYS_SEARCH_USER_PATHS = NO;
				CLANG_CXX_LANGUAGE_STANDARD = "gnu++0x";
				CLANG_CXX_LIBRARY = "libc++";
				CLANG_ENABLE_MODULES = YES;
				CLANG_ENABLE_OBJC_ARC = YES;
				CLANG_WARN_BOOL_CONVERSION = YES;
				CLANG_WARN_CONSTANT_CONVERSION = YES;
				CLANG_WARN_DIRECT_OBJC_ISA_USAGE = YES_ERROR;
				CLANG_WARN_EMPTY_BODY = YES;
				CLANG_WARN_ENUM_CONVERSION = YES;
				CLANG_WARN_INT_CONVERSION = YES;
				CLANG_WARN_OBJC_ROOT_CLASS = YES_ERROR;
				CLANG_WARN_UNREACHABLE_CODE = YES;
				CLANG_WARN__DUPLICATE_METHOD_MATCH = YES;
				"CODE_SIGN_IDENTITY[sdk=iphoneos*]" = "iPhone Developer";
				COPY_PHASE_STRIP = NO;
				ENABLE_STRICT_OBJC_MSGSEND = YES;
				GCC_C_LANGUAGE_STANDARD = gnu99;
				GCC_DYNAMIC_NO_PIC = NO;
				GCC_OPTIMIZATION_LEVEL = 0;
				GCC_PREPROCESSOR_DEFINITIONS = (
					"DEBUG=1",
					"$(inherited)",
				);
				GCC_SYMBOLS_PRIVATE_EXTERN = NO;
				GCC_WARN_64_TO_32_BIT_CONVERSION = YES;
				GCC_WARN_ABOUT_RETURN_TYPE = YES_ERROR;
				GCC_WARN_UNDECLARED_SELECTOR = YES;
				GCC_WARN_UNINITIALIZED_AUTOS = YES_AGGRESSIVE;
				GCC_WARN_UNUSED_FUNCTION = YES;
				GCC_WARN_UNUSED_VARIABLE = YES;
				IPHONEOS_DEPLOYMENT_TARGET = 8.0;
				MTL_ENABLE_DEBUG_INFO = YES;
				ONLY_ACTIVE_ARCH = YES;
				SDKROOT = iphoneos;
				SWIFT_OPTIMIZATION_LEVEL = "-Onone";
				TARGETED_DEVICE_FAMILY = 2;
			};
			name = Debug;
		};
		BE257DBB19837A65002E26E9 /* Release */ = {
			isa = XCBuildConfiguration;
			buildSettings = {
				ALWAYS_SEARCH_USER_PATHS = NO;
				CLANG_CXX_LANGUAGE_STANDARD = "gnu++0x";
				CLANG_CXX_LIBRARY = "libc++";
				CLANG_ENABLE_MODULES = YES;
				CLANG_ENABLE_OBJC_ARC = YES;
				CLANG_WARN_BOOL_CONVERSION = YES;
				CLANG_WARN_CONSTANT_CONVERSION = YES;
				CLANG_WARN_DIRECT_OBJC_ISA_USAGE = YES_ERROR;
				CLANG_WARN_EMPTY_BODY = YES;
				CLANG_WARN_ENUM_CONVERSION = YES;
				CLANG_WARN_INT_CONVERSION = YES;
				CLANG_WARN_OBJC_ROOT_CLASS = YES_ERROR;
				CLANG_WARN_UNREACHABLE_CODE = YES;
				CLANG_WARN__DUPLICATE_METHOD_MATCH = YES;
				"CODE_SIGN_IDENTITY[sdk=iphoneos*]" = "iPhone Developer";
				COPY_PHASE_STRIP = YES;
				ENABLE_NS_ASSERTIONS = NO;
				ENABLE_STRICT_OBJC_MSGSEND = YES;
				GCC_C_LANGUAGE_STANDARD = gnu99;
				GCC_WARN_64_TO_32_BIT_CONVERSION = YES;
				GCC_WARN_ABOUT_RETURN_TYPE = YES_ERROR;
				GCC_WARN_UNDECLARED_SELECTOR = YES;
				GCC_WARN_UNINITIALIZED_AUTOS = YES_AGGRESSIVE;
				GCC_WARN_UNUSED_FUNCTION = YES;
				GCC_WARN_UNUSED_VARIABLE = YES;
				IPHONEOS_DEPLOYMENT_TARGET = 8.0;
				MTL_ENABLE_DEBUG_INFO = NO;
				SDKROOT = iphoneos;
				TARGETED_DEVICE_FAMILY = 2;
				VALIDATE_PRODUCT = YES;
			};
			name = Release;
		};
		BE257DBD19837A65002E26E9 /* Debug */ = {
			isa = XCBuildConfiguration;
			buildSettings = {
				ASSETCATALOG_COMPILER_APPICON_NAME = AppIcon;
				ASSETCATALOG_COMPILER_LAUNCHIMAGE_NAME = LaunchImage;
				INFOPLIST_FILE = HelloSwift/Info.plist;
				LD_RUNPATH_SEARCH_PATHS = "$(inherited) @executable_path/Frameworks";
				PRODUCT_NAME = "$(TARGET_NAME)";
			};
			name = Debug;
		};
		BE257DBE19837A65002E26E9 /* Release */ = {
			isa = XCBuildConfiguration;
			buildSettings = {
				ASSETCATALOG_COMPILER_APPICON_NAME = AppIcon;
				ASSETCATALOG_COMPILER_LAUNCHIMAGE_NAME = LaunchImage;
				INFOPLIST_FILE = HelloSwift/Info.plist;
				LD_RUNPATH_SEARCH_PATHS = "$(inherited) @executable_path/Frameworks";
				PRODUCT_NAME = "$(TARGET_NAME)";
			};
			name = Release;
		};
		BE257DC019837A65002E26E9 /* Debug */ = {
			isa = XCBuildConfiguration;
			buildSettings = {
				BUNDLE_LOADER = "$(BUILT_PRODUCTS_DIR)/HelloSwift.app/HelloSwift";
				FRAMEWORK_SEARCH_PATHS = (
					"$(SDKROOT)/Developer/Library/Frameworks",
					"$(inherited)",
				);
				GCC_PREPROCESSOR_DEFINITIONS = (
					"DEBUG=1",
					"$(inherited)",
				);
				INFOPLIST_FILE = HelloSwiftTests/Info.plist;
				LD_RUNPATH_SEARCH_PATHS = "$(inherited) @executable_path/Frameworks @loader_path/Frameworks";
				PRODUCT_NAME = "$(TARGET_NAME)";
				TEST_HOST = "$(BUNDLE_LOADER)";
			};
			name = Debug;
		};
		BE257DC119837A65002E26E9 /* Release */ = {
			isa = XCBuildConfiguration;
			buildSettings = {
				BUNDLE_LOADER = "$(BUILT_PRODUCTS_DIR)/HelloSwift.app/HelloSwift";
				FRAMEWORK_SEARCH_PATHS = (
					"$(SDKROOT)/Developer/Library/Frameworks",
					"$(inherited)",
				);
				INFOPLIST_FILE = HelloSwiftTests/Info.plist;
				LD_RUNPATH_SEARCH_PATHS = "$(inherited) @executable_path/Frameworks @loader_path/Frameworks";
				PRODUCT_NAME = "$(TARGET_NAME)";
				TEST_HOST = "$(BUNDLE_LOADER)";
			};
			name = Release;
		};
/* End XCBuildConfiguration section */

/* Begin XCConfigurationList section */
		BE257D9B19837A65002E26E9 /* Build configuration list for PBXProject "HelloSwift" */ = {
			isa = XCConfigurationList;
			buildConfigurations = (
				BE257DBA19837A65002E26E9 /* Debug */,
				BE257DBB19837A65002E26E9 /* Release */,
			);
			defaultConfigurationIsVisible = 0;
			defaultConfigurationName = Release;
		};
		BE257DBC19837A65002E26E9 /* Build configuration list for PBXNativeTarget "HelloSwift" */ = {
			isa = XCConfigurationList;
			buildConfigurations = (
				BE257DBD19837A65002E26E9 /* Debug */,
				BE257DBE19837A65002E26E9 /* Release */,
			);
			defaultConfigurationIsVisible = 0;
		};
		BE257DBF19837A65002E26E9 /* Build configuration list for PBXNativeTarget "HelloSwiftTests" */ = {
			isa = XCConfigurationList;
			buildConfigurations = (
				BE257DC019837A65002E26E9 /* Debug */,
				BE257DC119837A65002E26E9 /* Release */,
			);
			defaultConfigurationIsVisible = 0;
		};
/* End XCConfigurationList section */
	};
	rootObject = BE257D9819837A65002E26E9 /* Project object */;
}
